
Microsoft Visual Studio Solution File, Format Version 12.00
# Visual Studio Version 17
VisualStudioVersion = 17.2.32630.192
MinimumVisualStudioVersion = 10.0.40219.1
Project("{9A19103F-16F7-4668-BE54-9A1E7A4F7556}") = "APIMe", "APIMe.csproj", "{7C139705-29AB-4966-B6D4-604C7789CDC8}"
EndProject
Global
	GlobalSection(SolutionConfigurationPlatforms) = preSolution
		Debug|Any CPU = Debug|Any CPU
		Release|Any CPU = Release|Any CPU
	EndGlobalSection
	GlobalSection(ProjectConfigurationPlatforms) = postSolution
		{7C139705-29AB-4966-B6D4-604C7789CDC8}.Debug|Any CPU.ActiveCfg = Debug|Any CPU
		{7C139705-29AB-4966-B6D4-604C7789CDC8}.Debug|Any CPU.Build.0 = Debug|Any CPU
		{7C139705-29AB-4966-B6D4-604C7789CDC8}.Release|Any CPU.ActiveCfg = Release|Any CPU
		{7C139705-29AB-4966-B6D4-604C7789CDC8}.Release|Any CPU.Build.0 = Release|Any CPU
	EndGlobalSection
	GlobalSection(SolutionProperties) = preSolution
		HideSolutionNode = FALSE
	EndGlobalSection
	GlobalSection(ExtensibilityGlobals) = postSolution
		SolutionGuid = {7371E40F-14DD-48E1-B9D1-09B805CF0302}
	EndGlobalSection
EndGlobal
